version = 1
revision = 3
requires-python = ">=3.13"

[[package]]
name = "dnspython"
version = "2.8.0"
source = { registry = "https://pypi.org/simple" }
sdist = { url = "https://files.pythonhosted.org/packages/8c/8b/57666417c0f90f08bcafa776861060426765fdb422eb10212086fb811d26/dnspython-2.8.0.tar.gz", hash = "sha256:181d3c6996452cb1189c4046c61599b84a5a86e099562ffde77d26984ff26d0f", size = 368251, upload-time = "2025-09-07T18:58:00.022Z" }
wheels = [
    { url = "https://files.pythonhosted.org/packages/ba/5a/18ad964b0086c6e62e2e7500f7edc89e3faa45033c71c1893d34eed2b2de/dnspython-2.8.0-py3-none-any.whl", hash = "sha256:01d9bbc4a2d76bf0db7c1f729812ded6d912bd318d3b1cf81d30c0f845dbf3af", size = 331094, upload-time = "2025-09-07T18:57:58.071Z" },
]

[[package]]
name = "googleapis-common-protos"
version = "1.75.0"
source = { registry = "https://pypi.org/simple" }
dependencies = [
    { name = "protobuf" },
]
sdist = { url = "https://files.pythonhosted.org/packages/b5/c8/f439cffde755cffa462bfbb156278fa6f9d09119719af9814b858fd4f81f/googleapis_common_protos-1.75.0.tar.gz", hash = "sha256:53a062ff3c32552fbd62c11fe23768b78e4ddf0494d5e5fd97d3f4689c75fbbd", size = 151035, upload-time = "2026-05-07T08:04:49.423Z" }
wheels = [
    { url = "https://files.pythonhosted.org/packages/e7/c8/e2645aa8ed02fd4c7a2f59d68783b65b1f3cbdfe39a6308e156509d1fee8/googleapis_common_protos-1.75.0-py3-none-any.whl", hash = "sha256:961ed60399c457ceb0ee8f285a84c870aabc9c6a832b9d37bb281b5bebde43ed", size = 300631, upload-time = "2026-05-07T08:03:30.345Z" },
]

[[package]]
name = "grpclib"
version = "0.4.9"
source = { registry = "https://pypi.org/simple" }
dependencies = [
    { name = "h2" },
    { name = "multidict" },
]
sdist = { url = "https://files.pythonhosted.org/packages/5b/28/5a2c299ec82a876a252c5919aa895a6f1d1d35c96417c5ce4a4660dc3a80/grpclib-0.4.9.tar.gz", hash = "sha256:cc589c330fa81004c6400a52a566407574498cb5b055fa927013361e21466c46", size = 84798, upload-time = "2025-12-14T22:23:14.349Z" }
wheels = [
    { url = "https://files.pythonhosted.org/packages/5c/90/b0cbbd9efcc82816c58f31a34963071aa19fb792a212a5d9caf8e0fc3097/grpclib-0.4.9-py3-none-any.whl", hash = "sha256:7762ec1c8ed94dfad597475152dd35cbd11aecaaca2f243e29702435ca24cf0e", size = 77063, upload-time = "2025-12-14T22:23:13.224Z" },
]

[[package]]
name = "h2"
version = "4.3.0"
source = { registry = "https://pypi.org/simple" }
dependencies = [
    { name = "hpack" },
    { name = "hyperframe" },
]
sdist = { url = "https://files.pythonhosted.org/packages/1d/17/afa56379f94ad0fe8defd37d6eb3f89a25404ffc71d4d848893d270325fc/h2-4.3.0.tar.gz", hash = "sha256:6c59efe4323fa18b47a632221a1888bd7fde6249819beda254aeca909f221bf1", size = 2152026, upload-time = "2025-08-23T18:12:19.778Z" }
wheels = [
    { url = "https://files.pythonhosted.org/packages/69/b2/119f6e6dcbd96f9069ce9a2665e0146588dc9f88f29549711853645e736a/h2-4.3.0-py3-none-any.whl", hash = "sha256:c438f029a25f7945c69e0ccf0fb951dc3f73a5f6412981daee861431b70e2bdd", size = 61779, upload-time = "2025-08-23T18:12:17.779Z" },
]

[[package]]
name = "hpack"
version = "4.1.0"
source = { registry = "https://pypi.org/simple" }
sdist = { url = "https://files.pythonhosted.org/packages/2c/48/71de9ed269fdae9c8057e5a4c0aa7402e8bb16f2c6e90b3aa53327b113f8/hpack-4.1.0.tar.gz", hash = "sha256:ec5eca154f7056aa06f196a557655c5b009b382873ac8d1e66e79e87535f1dca", size = 51276, upload-time = "2025-01-22T21:44:58.347Z" }
wheels = [
    { url = "https://files.pythonhosted.org/packages/07/c6/80c95b1b2b94682a72cbdbfb85b81ae2daffa4291fbfa1b1464502ede10d/hpack-4.1.0-py3-none-any.whl", hash = "sha256:157ac792668d995c657d93111f46b4535ed114f0c9c8d672271bbec7eae1b496", size = 34357, upload-time = "2025-01-22T21:44:56.92Z" },
]

[[package]]
name = "hyperframe"
version = "6.1.0"
source = { registry = "https://pypi.org/simple" }
sdist = { url = "https://files.pythonhosted.org/packages/02/e7/94f8232d4a74cc99514c13a9f995811485a6903d48e5d952771ef6322e30/hyperframe-6.1.0.tar.gz", hash = "sha256:f630908a00854a7adeabd6382b43923a4c4cd4b821fcb527e6ab9e15382a3b08", size = 26566, upload-time = "2025-01-22T21:41:49.302Z" }
wheels = [
    { url = "https://files.pythonhosted.org/packages/48/30/47d0bf6072f7252e6521f3447ccfa40b421b6824517f82854703d0f5a98b/hyperframe-6.1.0-py3-none-any.whl", hash = "sha256:b03380493a519fce58ea5af42e4a42317bf9bd425596f7a0835ffce80f1a42e5", size = 13007, upload-time = "2025-01-22T21:41:47.295Z" },
]

[[package]]
name = "multidict"
version = "6.7.1"
source = { registry = "https://pypi.org/simple" }
sdist = { url = "https://files.pythonhosted.org/packages/1a/c2/c2d94cbe6ac1753f3fc980da97b3d930efe1da3af3c9f5125354436c073d/multidict-6.7.1.tar.gz", hash = "sha256:ec6652a1bee61c53a3e5776b6049172c53b6aaba34f18c9ad04f82712bac623d", size = 102010, upload-time = "2026-01-26T02:46:45.979Z" }
wheels = [
    { url = "https://files.pythonhosted.org/packages/f2/22/929c141d6c0dba87d3e1d38fbdf1ba8baba86b7776469f2bc2d3227a1e67/multidict-6.7.1-cp313-cp313-macosx_10_13_universal2.whl", hash = "sha256:2b41f5fed0ed563624f1c17630cb9941cf2309d4df00e494b551b5f3e3d67a23", size = 76174, upload-time = "2026-01-26T02:44:18.509Z" },
    { url = "https://files.pythonhosted.org/packages/c7/75/bc704ae15fee974f8fccd871305e254754167dce5f9e42d88a2def741a1d/multidict-6.7.1-cp313-cp313-macosx_10_13_x86_64.whl", hash = "sha256:84e61e3af5463c19b67ced91f6c634effb89ef8bfc5ca0267f954451ed4bb6a2", size = 45116, upload-time = "2026-01-26T02:44:19.745Z" },
    { url = "https://files.pythonhosted.org/packages/79/76/55cd7186f498ed080a18440c9013011eb548f77ae1b297206d030eb1180a/multidict-6.7.1-cp313-cp313-macosx_11_0_arm64.whl", hash = "sha256:935434b9853c7c112eee7ac891bc4cb86455aa631269ae35442cb316790c1445", size = 43524, upload-time = "2026-01-26T02:44:21.571Z" },
    { url = "https://files.pythonhosted.org/packages/e9/3c/414842ef8d5a1628d68edee29ba0e5bcf235dbfb3ccd3ea303a7fe8c72ff/multidict-6.7.1-cp313-cp313-manylinux1_i686.manylinux_2_28_i686.manylinux_2_5_i686.whl", hash = "sha256:432feb25a1cb67fe82a9680b4d65fb542e4635cb3166cd9c01560651ad60f177", size = 249368, upload-time = "2026-01-26T02:44:22.803Z" },
    { url = "https://files.pythonhosted.org/packages/f6/32/befed7f74c458b4a525e60519fe8d87eef72bb1e99924fa2b0f9d97a221e/multidict-6.7.1-cp313-cp313-manylinux2014_aarch64.manylinux_2_17_aarch64.manylinux_2_28_aarch64.whl", hash = "sha256:e82d14e3c948952a1a85503817e038cba5905a3352de76b9a465075d072fba23", size = 256952, upload-time = "2026-01-26T02:44:24.306Z" },
    { url = "https://files.pythonhosted.org/packages/03/d6/c878a44ba877f366630c860fdf74bfb203c33778f12b6ac274936853c451/multidict-6.7.1-cp313-cp313-manylinux2014_armv7l.manylinux_2_17_armv7l.manylinux_2_31_armv7l.whl", hash = "sha256:4cfb48c6ea66c83bcaaf7e4dfa7ec1b6bbcf751b7db85a328902796dfde4c060", size = 240317, upload-time = "2026-01-26T02:44:25.772Z" },
    { url = "https://files.pythonhosted.org/packages/68/49/57421b4d7ad2e9e60e25922b08ceb37e077b90444bde6ead629095327a6f/multidict-6.7.1-cp313-cp313-manylinux2014_ppc64le.manylinux_2_17_ppc64le.manylinux_2_28_ppc64le.whl", hash = "sha256:1d540e51b7e8e170174555edecddbd5538105443754539193e3e1061864d444d", size = 267132, upload-time = "2026-01-26T02:44:27.648Z" },
    { url = "https://files.pythonhosted.org/packages/b7/fe/ec0edd52ddbcea2a2e89e174f0206444a61440b40f39704e64dc807a70bd/multidict-6.7.1-cp313-cp313-manylinux2014_s390x.manylinux_2_17_s390x.manylinux_2_28_s390x.whl", hash = "sha256:273d23f4b40f3dce4d6c8a821c741a86dec62cded82e1175ba3d99be128147ed", size = 268140, upload-time = "2026-01-26T02:44:29.588Z" },
    { url = "https://files.pythonhosted.org/packages/b0/73/6e1b01cbeb458807aa0831742232dbdd1fa92bfa33f52a3f176b4ff3dc11/multidict-6.7.1-cp313-cp313-manylinux2014_x86_64.manylinux_2_17_x86_64.manylinux_2_28_x86_64.whl", hash = "sha256:9d624335fd4fa1c08a53f8b4be7676ebde19cd092b3895c421045ca87895b429", size = 254277, upload-time = "2026-01-26T02:44:30.902Z" },
    { url = "https://files.pythonhosted.org/packages/6a/b2/5fb8c124d7561a4974c342bc8c778b471ebbeb3cc17df696f034a7e9afe7/multidict-6.7.1-cp313-cp313-musllinux_1_2_aarch64.whl", hash = "sha256:12fad252f8b267cc75b66e8fc51b3079604e8d43a75428ffe193cd9e2195dfd6", size = 252291, upload-time = "2026-01-26T02:44:32.31Z" },
    { url = "https://files.pythonhosted.org/packages/5a/96/51d4e4e06bcce92577fcd488e22600bd38e4fd59c20cb49434d054903bd2/multidict-6.7.1-cp313-cp313-musllinux_1_2_armv7l.whl", hash = "sha256:03ede2a6ffbe8ef936b92cb4529f27f42be7f56afcdab5ab739cd5f27fb1cbf9", size = 250156, upload-time = "2026-01-26T02:44:33.734Z" },
    { url = "https://files.pythonhosted.org/packages/db/6b/420e173eec5fba721a50e2a9f89eda89d9c98fded1124f8d5c675f7a0c0f/multidict-6.7.1-cp313-cp313-musllinux_1_2_i686.whl", hash = "sha256:90efbcf47dbe33dcf643a1e400d67d59abeac5db07dc3f27d6bdeae497a2198c", size = 249742, upload-time = "2026-01-26T02:44:35.222Z" },
    { url = "https://files.pythonhosted.org/packages/44/a3/ec5b5bd98f306bc2aa297b8c6f11a46714a56b1e6ef5ebda50a4f5d7c5fb/multidict-6.7.1-cp313-cp313-musllinux_1_2_ppc64le.whl", hash = "sha256:5c4b9bfc148f5a91be9244d6264c53035c8a0dcd2f51f1c3c6e30e30ebaa1c84", size = 262221, upload-time = "2026-01-26T02:44:36.604Z" },
    { url = "https://files.pythonhosted.org/packages/cd/f7/e8c0d0da0cd1e28d10e624604e1a36bcc3353aaebdfdc3a43c72bc683a12/multidict-6.7.1-cp313-cp313-musllinux_1_2_s390x.whl", hash = "sha256:401c5a650f3add2472d1d288c26deebc540f99e2fb83e9525007a74cd2116f1d", size = 258664, upload-time = "2026-01-26T02:44:38.008Z" },
    { url = "https://files.pythonhosted.org/packages/52/da/151a44e8016dd33feed44f730bd856a66257c1ee7aed4f44b649fb7edeb3/multidict-6.7.1-cp313-cp313-musllinux_1_2_x86_64.whl", hash = "sha256:97891f3b1b3ffbded884e2916cacf3c6fc87b66bb0dde46f7357404750559f33", size = 249490, upload-time = "2026-01-26T02:44:39.386Z" },
    { url = "https://files.pythonhosted.org/packages/87/af/a3b86bf9630b732897f6fc3f4c4714b90aa4361983ccbdcd6c0339b21b0c/multidict-6.7.1-cp313-cp313-win32.whl", hash = "sha256:e1c5988359516095535c4301af38d8a8838534158f649c05dd1050222321bcb3", size = 41695, upload-time = "2026-01-26T02:44:41.318Z" },
    { url = "https://files.pythonhosted.org/packages/b2/35/e994121b0e90e46134673422dd564623f93304614f5d11886b1b3e06f503/multidict-6.7.1-cp313-cp313-win_amd64.whl", hash = "sha256:960c83bf01a95b12b08fd54324a4eb1d5b52c88932b5cba5d6e712bb3ed12eb5", size = 45884, upload-time = "2026-01-26T02:44:42.488Z" },
    { url = "https://files.pythonhosted.org/packages/ca/61/42d3e5dbf661242a69c97ea363f2d7b46c567da8eadef8890022be6e2ab0/multidict-6.7.1-cp313-cp313-win_arm64.whl", hash = "sha256:563fe25c678aaba333d5399408f5ec3c383ca5b663e7f774dd179a520b8144df", size = 43122, upload-time = "2026-01-26T02:44:43.664Z" },
    { url = "https://files.pythonhosted.org/packages/6d/b3/e6b21c6c4f314bb956016b0b3ef2162590a529b84cb831c257519e7fde44/multidict-6.7.1-cp313-cp313t-macosx_10_13_universal2.whl", hash = "sha256:c76c4bec1538375dad9d452d246ca5368ad6e1c9039dadcf007ae59c70619ea1", size = 83175, upload-time = "2026-01-26T02:44:44.894Z" },
    { url = "https://files.pythonhosted.org/packages/fb/76/23ecd2abfe0957b234f6c960f4ade497f55f2c16aeb684d4ecdbf1c95791/multidict-6.7.1-cp313-cp313t-macosx_10_13_x86_64.whl", hash = "sha256:57b46b24b5d5ebcc978da4ec23a819a9402b4228b8a90d9c656422b4bdd8a963", size = 48460, upload-time = "2026-01-26T02:44:46.106Z" },
    { url = "https://files.pythonhosted.org/packages/c4/57/a0ed92b23f3a042c36bc4227b72b97eca803f5f1801c1ab77c8a212d455e/multidict-6.7.1-cp313-cp313t-macosx_11_0_arm64.whl", hash = "sha256:e954b24433c768ce78ab7929e84ccf3422e46deb45a4dc9f93438f8217fa2d34", size = 46930, upload-time = "2026-01-26T02:44:47.278Z" },
    { url = "https://files.pythonhosted.org/packages/b5/66/02ec7ace29162e447f6382c495dc95826bf931d3818799bbef11e8f7df1a/multidict-6.7.1-cp313-cp313t-manylinux1_i686.manylinux_2_28_i686.manylinux_2_5_i686.whl", hash = "sha256:3bd231490fa7217cc832528e1cd8752a96f0125ddd2b5749390f7c3ec8721b65", size = 242582, upload-time = "2026-01-26T02:44:48.604Z" },
    { url = "https://files.pythonhosted.org/packages/58/18/64f5a795e7677670e872673aca234162514696274597b3708b2c0d276cce/multidict-6.7.1-cp313-cp313t-manylinux2014_aarch64.manylinux_2_17_aarch64.manylinux_2_28_aarch64.whl", hash = "sha256:253282d70d67885a15c8a7716f3a73edf2d635793ceda8173b9ecc21f2fb8292", size = 250031, upload-time = "2026-01-26T02:44:50.544Z" },
    { url = "https://files.pythonhosted.org/packages/c8/ed/e192291dbbe51a8290c5686f482084d31bcd9d09af24f63358c3d42fd284/multidict-6.7.1-cp313-cp313t-manylinux2014_armv7l.manylinux_2_17_armv7l.manylinux_2_31_armv7l.whl", hash = "sha256:0b4c48648d7649c9335cf1927a8b87fa692de3dcb15faa676c6a6f1f1aabda43", size = 228596, upload-time = "2026-01-26T02:44:51.951Z" },
    { url = "https://files.pythonhosted.org/packages/1e/7e/3562a15a60cf747397e7f2180b0a11dc0c38d9175a650e75fa1b4d325e15/multidict-6.7.1-cp313-cp313t-manylinux2014_ppc64le.manylinux_2_17_ppc64le.manylinux_2_28_ppc64le.whl", hash = "sha256:98bc624954ec4d2c7cb074b8eefc2b5d0ce7d482e410df446414355d158fe4ca", size = 257492, upload-time = "2026-01-26T02:44:53.902Z" },
    { url = "https://files.pythonhosted.org/packages/24/02/7d0f9eae92b5249bb50ac1595b295f10e263dd0078ebb55115c31e0eaccd/multidict-6.7.1-cp313-cp313t-manylinux2014_s390x.manylinux_2_17_s390x.manylinux_2_28_s390x.whl", hash = "sha256:1b99af4d9eec0b49927b4402bcbb58dea89d3e0db8806a4086117019939ad3dd", size = 255899, upload-time = "2026-01-26T02:44:55.316Z" },
    { url = "https://files.pythonhosted.org/packages/00/e3/9b60ed9e23e64c73a5cde95269ef1330678e9c6e34dd4eb6b431b85b5a10/multidict-6.7.1-cp313-cp313t-manylinux2014_x86_64.manylinux_2_17_x86_64.manylinux_2_28_x86_64.whl", hash = "sha256:6aac4f16b472d5b7dc6f66a0d49dd57b0e0902090be16594dc9ebfd3d17c47e7", size = 247970, upload-time = "2026-01-26T02:44:56.783Z" },
    { url = "https://files.pythonhosted.org/packages/3e/06/538e58a63ed5cfb0bd4517e346b91da32fde409d839720f664e9a4ae4f9d/multidict-6.7.1-cp313-cp313t-musllinux_1_2_aarch64.whl", hash = "sha256:21f830fe223215dffd51f538e78c172ed7c7f60c9b96a2bf05c4848ad49921c3", size = 245060, upload-time = "2026-01-26T02:44:58.195Z" },
    { url = "https://files.pythonhosted.org/packages/b2/2f/d743a3045a97c895d401e9bd29aaa09b94f5cbdf1bd561609e5a6c431c70/multidict-6.7.1-cp313-cp313t-musllinux_1_2_armv7l.whl", hash = "sha256:f5dd81c45b05518b9aa4da4aa74e1c93d715efa234fd3e8a179df611cc85e5f4", size = 235888, upload-time = "2026-01-26T02:44:59.57Z" },
    { url = "https://files.pythonhosted.org/packages/38/83/5a325cac191ab28b63c52f14f1131f3b0a55ba3b9aa65a6d0bf2a9b921a0/multidict-6.7.1-cp313-cp313t-musllinux_1_2_i686.whl", hash = "sha256:eb304767bca2bb92fb9c5bd33cedc95baee5bb5f6c88e63706533a1c06ad08c8", size = 243554, upload-time = "2026-01-26T02:45:01.054Z" },
    { url = "https://files.pythonhosted.org/packages/20/1f/9d2327086bd15da2725ef6aae624208e2ef828ed99892b17f60c344e57ed/multidict-6.7.1-cp313-cp313t-musllinux_1_2_ppc64le.whl", hash = "sha256:c9035dde0f916702850ef66460bc4239d89d08df4d02023a5926e7446724212c", size = 252341, upload-time = "2026-01-26T02:45:02.484Z" },
    { url = "https://files.pythonhosted.org/packages/e8/2c/2a1aa0280cf579d0f6eed8ee5211c4f1730bd7e06c636ba2ee6aafda302e/multidict-6.7.1-cp313-cp313t-musllinux_1_2_s390x.whl", hash = "sha256:af959b9beeb66c822380f222f0e0a1889331597e81f1ded7f374f3ecb0fd6c52", size = 246391, upload-time = "2026-01-26T02:45:03.862Z" },
    { url = "https://files.pythonhosted.org/packages/e5/03/7ca022ffc36c5a3f6e03b179a5ceb829be9da5783e6fe395f347c0794680/multidict-6.7.1-cp313-cp313t-musllinux_1_2_x86_64.whl", hash = "sha256:41f2952231456154ee479651491e94118229844dd7226541788be783be2b5108", size = 243422, upload-time = "2026-01-26T02:45:05.296Z" },
    { url = "https://files.pythonhosted.org/packages/dc/1d/b31650eab6c5778aceed46ba735bd97f7c7d2f54b319fa916c0f96e7805b/multidict-6.7.1-cp313-cp313t-win32.whl", hash = "sha256:df9f19c28adcb40b6aae30bbaa1478c389efd50c28d541d76760199fc1037c32", size = 47770, upload-time = "2026-01-26T02:45:06.754Z" },
    { url = "https://files.pythonhosted.org/packages/ac/5b/2d2d1d522e51285bd61b1e20df8f47ae1a9d80839db0b24ea783b3832832/multidict-6.7.1-cp313-cp313t-win_amd64.whl", hash = "sha256:d54ecf9f301853f2c5e802da559604b3e95bb7a3b01a9c295c6ee591b9882de8", size = 53109, upload-time = "2026-01-26T02:45:08.044Z" },
    { url = "https://files.pythonhosted.org/packages/3d/a3/cc409ba012c83ca024a308516703cf339bdc4b696195644a7215a5164a24/multidict-6.7.1-cp313-cp313t-win_arm64.whl", hash = "sha256:5a37ca18e360377cfda1d62f5f382ff41f2b8c4ccb329ed974cc2e1643440118", size = 45573, upload-time = "2026-01-26T02:45:09.349Z" },
    { url = "https://files.pythonhosted.org/packages/91/cc/db74228a8be41884a567e88a62fd589a913708fcf180d029898c17a9a371/multidict-6.7.1-cp314-cp314-macosx_10_15_universal2.whl", hash = "sha256:8f333ec9c5eb1b7105e3b84b53141e66ca05a19a605368c55450b6ba208cb9ee", size = 75190, upload-time = "2026-01-26T02:45:10.651Z" },
    { url = "https://files.pythonhosted.org/packages/d5/22/492f2246bb5b534abd44804292e81eeaf835388901f0c574bac4eeec73c5/multidict-6.7.1-cp314-cp314-macosx_10_15_x86_64.whl", hash = "sha256:a407f13c188f804c759fc6a9f88286a565c242a76b27626594c133b82883b5c2", size = 44486, upload-time = "2026-01-26T02:45:11.938Z" },
    { url = "https://files.pythonhosted.org/packages/f1/4f/733c48f270565d78b4544f2baddc2fb2a245e5a8640254b12c36ac7ac68e/multidict-6.7.1-cp314-cp314-macosx_11_0_arm64.whl", hash = "sha256:0e161ddf326db5577c3a4cc2d8648f81456e8a20d40415541587a71620d7a7d1", size = 43219, upload-time = "2026-01-26T02:45:14.346Z" },
    { url = "https://files.pythonhosted.org/packages/24/bb/2c0c2287963f4259c85e8bcbba9182ced8d7fca65c780c38e99e61629d11/multidict-6.7.1-cp314-cp314-manylinux1_i686.manylinux_2_28_i686.manylinux_2_5_i686.whl", hash = "sha256:1e3a8bb24342a8201d178c3b4984c26ba81a577c80d4d525727427460a50c22d", size = 245132, upload-time = "2026-01-26T02:45:15.712Z" },
    { url = "https://files.pythonhosted.org/packages/a7/f9/44d4b3064c65079d2467888794dea218d1601898ac50222ab8a9a8094460/multidict-6.7.1-cp314-cp314-manylinux2014_aarch64.manylinux_2_17_aarch64.manylinux_2_28_aarch64.whl", hash = "sha256:97231140a50f5d447d3164f994b86a0bed7cd016e2682f8650d6a9158e14fd31", size = 252420, upload-time = "2026-01-26T02:45:17.293Z" },
    { url = "https://files.pythonhosted.org/packages/8b/13/78f7275e73fa17b24c9a51b0bd9d73ba64bb32d0ed51b02a746eb876abe7/multidict-6.7.1-cp314-cp314-manylinux2014_armv7l.manylinux_2_17_armv7l.manylinux_2_31_armv7l.whl", hash = "sha256:6b10359683bd8806a200fd2909e7c8ca3a7b24ec1d8132e483d58e791d881048", size = 233510, upload-time = "2026-01-26T02:45:19.356Z" },
    { url = "https://files.pythonhosted.org/packages/4b/25/8167187f62ae3cbd52da7893f58cb036b47ea3fb67138787c76800158982/multidict-6.7.1-cp314-cp314-manylinux2014_ppc64le.manylinux_2_17_ppc64le.manylinux_2_28_ppc64le.whl", hash = "sha256:283ddac99f7ac25a4acadbf004cb5ae34480bbeb063520f70ce397b281859362", size = 264094, upload-time = "2026-01-26T02:45:20.834Z" },
    { url = "https://files.pythonhosted.org/packages/a1/e7/69a3a83b7b030cf283fb06ce074a05a02322359783424d7edf0f15fe5022/multidict-6.7.1-cp314-cp314-manylinux2014_s390x.manylinux_2_17_s390x.manylinux_2_28_s390x.whl", hash = "sha256:538cec1e18c067d0e6103aa9a74f9e832904c957adc260e61cd9d8cf0c3b3d37", size = 260786, upload-time = "2026-01-26T02:45:22.818Z" },
    { url = "https://files.pythonhosted.org/packages/fe/3b/8ec5074bcfc450fe84273713b4b0a0dd47c0249358f5d82eb8104ffe2520/multidict-6.7.1-cp314-cp314-manylinux2014_x86_64.manylinux_2_17_x86_64.manylinux_2_28_x86_64.whl", hash = "sha256:7eee46ccb30ff48a1e35bb818cc90846c6be2b68240e42a78599166722cea709", size = 248483, upload-time = "2026-01-26T02:45:24.368Z" },
    { url = "https://files.pythonhosted.org/packages/48/5a/d5a99e3acbca0e29c5d9cba8f92ceb15dce78bab963b308ae692981e3a5d/multidict-6.7.1-cp314-cp314-musllinux_1_2_aarch64.whl", hash = "sha256:fa263a02f4f2dd2d11a7b1bb4362aa7cb1049f84a9235d31adf63f30143469a0", size = 248403, upload-time = "2026-01-26T02:45:25.982Z" },
    { url = "https://files.pythonhosted.org/packages/35/48/e58cd31f6c7d5102f2a4bf89f96b9cf7e00b6c6f3d04ecc44417c00a5a3c/multidict-6.7.1-cp314-cp314-musllinux_1_2_armv7l.whl", hash = "sha256:2e1425e2f99ec5bd36c15a01b690a1a2456209c5deed58f95469ffb46039ccbb", size = 240315, upload-time = "2026-01-26T02:45:27.487Z" },
    { url = "https://files.pythonhosted.org/packages/94/33/1cd210229559cb90b6786c30676bb0c58249ff42f942765f88793b41fdce/multidict-6.7.1-cp314-cp314-musllinux_1_2_i686.whl", hash = "sha256:497394b3239fc6f0e13a78a3e1b61296e72bf1c5f94b4c4eb80b265c37a131cd", size = 245528, upload-time = "2026-01-26T02:45:28.991Z" },
    { url = "https://files.pythonhosted.org/packages/64/f2/6e1107d226278c876c783056b7db43d800bb64c6131cec9c8dfb6903698e/multidict-6.7.1-cp314-cp314-musllinux_1_2_ppc64le.whl", hash = "sha256:233b398c29d3f1b9676b4b6f75c518a06fcb2ea0b925119fb2c1bc35c05e1601", size = 258784, upload-time = "2026-01-26T02:45:30.503Z" },
    { url = "https://files.pythonhosted.org/packages/4d/c1/11f664f14d525e4a1b5327a82d4de61a1db604ab34c6603bb3c2cc63ad34/multidict-6.7.1-cp314-cp314-musllinux_1_2_s390x.whl", hash = "sha256:93b1818e4a6e0930454f0f2af7dfce69307ca03cdcfb3739bf4d91241967b6c1", size = 251980, upload-time = "2026-01-26T02:45:32.603Z" },
    { url = "https://files.pythonhosted.org/packages/e1/9f/75a9ac888121d0c5bbd4ecf4eead45668b1766f6baabfb3b7f66a410e231/multidict-6.7.1-cp314-cp314-musllinux_1_2_x86_64.whl", hash = "sha256:f33dc2a3abe9249ea5d8360f969ec7f4142e7ac45ee7014d8f8d5acddf178b7b", size = 243602, upload-time = "2026-01-26T02:45:34.043Z" },
    { url = "https://files.pythonhosted.org/packages/9a/e7/50bf7b004cc8525d80dbbbedfdc7aed3e4c323810890be4413e589074032/multidict-6.7.1-cp314-cp314-win32.whl", hash = "sha256:3ab8b9d8b75aef9df299595d5388b14530839f6422333357af1339443cff777d", size = 40930, upload-time = "2026-01-26T02:45:36.278Z" },
    { url = "https://files.pythonhosted.org/packages/e0/bf/52f25716bbe93745595800f36fb17b73711f14da59ed0bb2eba141bc9f0f/multidict-6.7.1-cp314-cp314-win_amd64.whl", hash = "sha256:5e01429a929600e7dab7b166062d9bb54a5eed752384c7384c968c2afab8f50f", size = 45074, upload-time = "2026-01-26T02:45:37.546Z" },
    { url = "https://files.pythonhosted.org/packages/97/ab/22803b03285fa3a525f48217963da3a65ae40f6a1b6f6cf2768879e208f9/multidict-6.7.1-cp314-cp314-win_arm64.whl", hash = "sha256:4885cb0e817aef5d00a2e8451d4665c1808378dc27c2705f1bf4ef8505c0d2e5", size = 42471, upload-time = "2026-01-26T02:45:38.889Z" },
    { url = "https://files.pythonhosted.org/packages/e0/6d/f9293baa6146ba9507e360ea0292b6422b016907c393e2f63fc40ab7b7b5/multidict-6.7.1-cp314-cp314t-macosx_10_15_universal2.whl", hash = "sha256:0458c978acd8e6ea53c81eefaddbbee9c6c5e591f41b3f5e8e194780fe026581", size = 82401, upload-time = "2026-01-26T02:45:40.254Z" },
    { url = "https://files.pythonhosted.org/packages/7a/68/53b5494738d83558d87c3c71a486504d8373421c3e0dbb6d0db48ad42ee0/multidict-6.7.1-cp314-cp314t-macosx_10_15_x86_64.whl", hash = "sha256:c0abd12629b0af3cf590982c0b413b1e7395cd4ec026f30986818ab95bfaa94a", size = 48143, upload-time = "2026-01-26T02:45:41.635Z" },
    { url = "https://files.pythonhosted.org/packages/37/e8/5284c53310dcdc99ce5d66563f6e5773531a9b9fe9ec7a615e9bc306b05f/multidict-6.7.1-cp314-cp314t-macosx_11_0_arm64.whl", hash = "sha256:14525a5f61d7d0c94b368a42cff4c9a4e7ba2d52e2672a7b23d84dc86fb02b0c", size = 46507, upload-time = "2026-01-26T02:45:42.99Z" },
    { url = "https://files.pythonhosted.org/packages/e4/fc/6800d0e5b3875568b4083ecf5f310dcf91d86d52573160834fb4bfcf5e4f/multidict-6.7.1-cp314-cp314t-manylinux1_i686.manylinux_2_28_i686.manylinux_2_5_i686.whl", hash = "sha256:17307b22c217b4cf05033dabefe68255a534d637c6c9b0cc8382718f87be4262", size = 239358, upload-time = "2026-01-26T02:45:44.376Z" },
    { url = "https://files.pythonhosted.org/packages/41/75/4ad0973179361cdf3a113905e6e088173198349131be2b390f9fa4da5fc6/multidict-6.7.1-cp314-cp314t-manylinux2014_aarch64.manylinux_2_17_aarch64.manylinux_2_28_aarch64.whl", hash = "sha256:7a7e590ff876a3eaf1c02a4dfe0724b6e69a9e9de6d8f556816f29c496046e59", size = 246884, upload-time = "2026-01-26T02:45:47.167Z" },
    { url = "https://files.pythonhosted.org/packages/c3/9c/095bb28b5da139bd41fb9a5d5caff412584f377914bd8787c2aa98717130/multidict-6.7.1-cp314-cp314t-manylinux2014_armv7l.manylinux_2_17_armv7l.manylinux_2_31_armv7l.whl", hash = "sha256:5fa6a95dfee63893d80a34758cd0e0c118a30b8dcb46372bf75106c591b77889", size = 225878, upload-time = "2026-01-26T02:45:48.698Z" },
    { url = "https://files.pythonhosted.org/packages/07/d0/c0a72000243756e8f5a277b6b514fa005f2c73d481b7d9e47cd4568aa2e4/multidict-6.7.1-cp314-cp314t-manylinux2014_ppc64le.manylinux_2_17_ppc64le.manylinux_2_28_ppc64le.whl", hash = "sha256:a0543217a6a017692aa6ae5cc39adb75e587af0f3a82288b1492eb73dd6cc2a4", size = 253542, upload-time = "2026-01-26T02:45:50.164Z" },
    { url = "https://files.pythonhosted.org/packages/c0/6b/f69da15289e384ecf2a68837ec8b5ad8c33e973aa18b266f50fe55f24b8c/multidict-6.7.1-cp314-cp314t-manylinux2014_s390x.manylinux_2_17_s390x.manylinux_2_28_s390x.whl", hash = "sha256:f99fe611c312b3c1c0ace793f92464d8cd263cc3b26b5721950d977b006b6c4d", size = 252403, upload-time = "2026-01-26T02:45:51.779Z" },
    { url = "https://files.pythonhosted.org/packages/a2/76/b9669547afa5a1a25cd93eaca91c0da1c095b06b6d2d8ec25b713588d3a1/multidict-6.7.1-cp314-cp314t-manylinux2014_x86_64.manylinux_2_17_x86_64.manylinux_2_28_x86_64.whl", hash = "sha256:9004d8386d133b7e6135679424c91b0b854d2d164af6ea3f289f8f2761064609", size = 244889, upload-time = "2026-01-26T02:45:53.27Z" },
    { url = "https://files.pythonhosted.org/packages/7e/a9/a50d2669e506dad33cfc45b5d574a205587b7b8a5f426f2fbb2e90882588/multidict-6.7.1-cp314-cp314t-musllinux_1_2_aarch64.whl", hash = "sha256:e628ef0e6859ffd8273c69412a2465c4be4a9517d07261b33334b5ec6f3c7489", size = 241982, upload-time = "2026-01-26T02:45:54.919Z" },
    { url = "https://files.pythonhosted.org/packages/c5/bb/1609558ad8b456b4827d3c5a5b775c93b87878fd3117ed3db3423dfbce1b/multidict-6.7.1-cp314-cp314t-musllinux_1_2_armv7l.whl", hash = "sha256:841189848ba629c3552035a6a7f5bf3b02eb304e9fea7492ca220a8eda6b0e5c", size = 232415, upload-time = "2026-01-26T02:45:56.981Z" },
    { url = "https://files.pythonhosted.org/packages/d8/59/6f61039d2aa9261871e03ab9dc058a550d240f25859b05b67fd70f80d4b3/multidict-6.7.1-cp314-cp314t-musllinux_1_2_i686.whl", hash = "sha256:ce1bbd7d780bb5a0da032e095c951f7014d6b0a205f8318308140f1a6aba159e", size = 240337, upload-time = "2026-01-26T02:45:58.698Z" },
    { url = "https://files.pythonhosted.org/packages/a1/29/fdc6a43c203890dc2ae9249971ecd0c41deaedfe00d25cb6564b2edd99eb/multidict-6.7.1-cp314-cp314t-musllinux_1_2_ppc64le.whl", hash = "sha256:b26684587228afed0d50cf804cc71062cc9c1cdf55051c4c6345d372947b268c", size = 248788, upload-time = "2026-01-26T02:46:00.862Z" },
    { url = "https://files.pythonhosted.org/packages/a9/14/a153a06101323e4cf086ecee3faadba52ff71633d471f9685c42e3736163/multidict-6.7.1-cp314-cp314t-musllinux_1_2_s390x.whl", hash = "sha256:9f9af11306994335398293f9958071019e3ab95e9a707dc1383a35613f6abcb9", size = 242842, upload-time = "2026-01-26T02:46:02.824Z" },
    { url = "https://files.pythonhosted.org/packages/41/5f/604ae839e64a4a6efc80db94465348d3b328ee955e37acb24badbcd24d83/multidict-6.7.1-cp314-cp314t-musllinux_1_2_x86_64.whl", hash = "sha256:b4938326284c4f1224178a560987b6cf8b4d38458b113d9b8c1db1a836e640a2", size = 240237, upload-time = "2026-01-26T02:46:05.898Z" },
    { url = "https://files.pythonhosted.org/packages/5f/60/c3a5187bf66f6fb546ff4ab8fb5a077cbdd832d7b1908d4365c7f74a1917/multidict-6.7.1-cp314-cp314t-win32.whl", hash = "sha256:98655c737850c064a65e006a3df7c997cd3b220be4ec8fe26215760b9697d4d7", size = 48008, upload-time = "2026-01-26T02:46:07.468Z" },
    { url = "https://files.pythonhosted.org/packages/0c/f7/addf1087b860ac60e6f382240f64fb99f8bfb532bb06f7c542b83c29ca61/multidict-6.7.1-cp314-cp314t-win_amd64.whl", hash = "sha256:497bde6223c212ba11d462853cfa4f0ae6ef97465033e7dc9940cdb3ab5b48e5", size = 53542, upload-time = "2026-01-26T02:46:08.809Z" },
    { url = "https://files.pythonhosted.org/packages/4c/81/4629d0aa32302ef7b2ec65c75a728cc5ff4fa410c50096174c1632e70b3e/multidict-6.7.1-cp314-cp314t-win_arm64.whl", hash = "sha256:2bbd113e0d4af5db41d5ebfe9ccaff89de2120578164f86a5d17d5a576d1e5b2", size = 44719, upload-time = "2026-01-26T02:46:11.146Z" },
    { url = "https://files.pythonhosted.org/packages/81/08/7036c080d7117f28a4af526d794aab6a84463126db031b007717c1a6676e/multidict-6.7.1-py3-none-any.whl", hash = "sha256:55d97cc6dae627efa6a6e548885712d4864b81110ac76fa4e534c03819fa4a56", size = 12319, upload-time = "2026-01-26T02:46:44.004Z" },
]

[[package]]
name = "protobuf"
version = "6.33.5"
source = { registry = "https://pypi.org/simple" }
sdist = { url = "https://files.pythonhosted.org/packages/ba/25/7c72c307aafc96fa87062aa6291d9f7c94836e43214d43722e86037aac02/protobuf-6.33.5.tar.gz", hash = "sha256:6ddcac2a081f8b7b9642c09406bc6a4290128fce5f471cddd165960bb9119e5c", size = 444465, upload-time = "2026-01-29T21:51:33.494Z" }
wheels = [
    { url = "https://files.pythonhosted.org/packages/b1/79/af92d0a8369732b027e6d6084251dd8e782c685c72da161bd4a2e00fbabb/protobuf-6.33.5-cp310-abi3-win32.whl", hash = "sha256:d71b040839446bac0f4d162e758bea99c8251161dae9d0983a3b88dee345153b", size = 425769, upload-time = "2026-01-29T21:51:21.751Z" },
    { url = "https://files.pythonhosted.org/packages/55/75/bb9bc917d10e9ee13dee8607eb9ab963b7cf8be607c46e7862c748aa2af7/protobuf-6.33.5-cp310-abi3-win_amd64.whl", hash = "sha256:3093804752167bcab3998bec9f1048baae6e29505adaf1afd14a37bddede533c", size = 437118, upload-time = "2026-01-29T21:51:24.022Z" },
    { url = "https://files.pythonhosted.org/packages/a2/6b/e48dfc1191bc5b52950246275bf4089773e91cb5ba3592621723cdddca62/protobuf-6.33.5-cp39-abi3-macosx_10_9_universal2.whl", hash = "sha256:a5cb85982d95d906df1e2210e58f8e4f1e3cdc088e52c921a041f9c9a0386de5", size = 427766, upload-time = "2026-01-29T21:51:25.413Z" },
    { url = "https://files.pythonhosted.org/packages/4e/b1/c79468184310de09d75095ed1314b839eb2f72df71097db9d1404a1b2717/protobuf-6.33.5-cp39-abi3-manylinux2014_aarch64.whl", hash = "sha256:9b71e0281f36f179d00cbcb119cb19dec4d14a81393e5ea220f64b286173e190", size = 324638, upload-time = "2026-01-29T21:51:26.423Z" },
    { url = "https://files.pythonhosted.org/packages/c5/f5/65d838092fd01c44d16037953fd4c2cc851e783de9b8f02b27ec4ffd906f/protobuf-6.33.5-cp39-abi3-manylinux2014_s390x.whl", hash = "sha256:8afa18e1d6d20af15b417e728e9f60f3aa108ee76f23c3b2c07a2c3b546d3afd", size = 339411, upload-time = "2026-01-29T21:51:27.446Z" },
    { url = "https://files.pythonhosted.org/packages/9b/53/a9443aa3ca9ba8724fdfa02dd1887c1bcd8e89556b715cfbacca6b63dbec/protobuf-6.33.5-cp39-abi3-manylinux2014_x86_64.whl", hash = "sha256:cbf16ba3350fb7b889fca858fb215967792dc125b35c7976ca4818bee3521cf0", size = 323465, upload-time = "2026-01-29T21:51:28.925Z" },
    { url = "https://files.pythonhosted.org/packages/57/bf/2086963c69bdac3d7cff1cc7ff79b8ce5ea0bec6797a017e1be338a46248/protobuf-6.33.5-py3-none-any.whl", hash = "sha256:69915a973dd0f60f31a08b8318b73eab2bd6a392c79184b3612226b0a3f8ec02", size = 170687, upload-time = "2026-01-29T21:51:32.557Z" },
]

[[package]]
name = "pymongo"
version = "4.17.0"
source = { registry = "https://pypi.org/simple" }
dependencies = [
    { name = "dnspython" },
]
sdist = { url = "https://files.pythonhosted.org/packages/ca/64/50be6fbac9c79fe2e4c17401a467da2d8764d82833d83cec325afe5cab32/pymongo-4.17.0.tar.gz", hash = "sha256:70ffa08ba641468cc068cf46c06b34f01a8ce3489f6411309fcb5ceabe6b2fc0", size = 2523370, upload-time = "2026-04-20T16:39:53.524Z" }
wheels = [
    { url = "https://files.pythonhosted.org/packages/2a/6b/c1206879708b94e82fcd8b9653440ec271f79a3674d122192df383047f5a/pymongo-4.17.0-cp313-cp313-macosx_10_13_x86_64.whl", hash = "sha256:809ec74de3b9148ae43fa8df9faf53470f511c8d384f13b99d6f671f2a379f15", size = 985829, upload-time = "2026-04-20T16:38:21.031Z" },
    { url = "https://files.pythonhosted.org/packages/cb/cf/bb044ed85160e5c40f568c7c4f4e8ea16f40764ff5d302e5befbe8f6f814/pymongo-4.17.0-cp313-cp313-macosx_11_0_arm64.whl", hash = "sha256:a431b737816bf4cddd4fa0fcef04e424ad36b7692734a64150f872fb8f3208be", size = 985899, upload-time = "2026-04-20T16:38:23.409Z" },
    { url = "https://files.pythonhosted.org/packages/74/0a/f6dfd5ea3901e5d6888da8de8ba728971a1d447debab681cfc56f90d1208/pymongo-4.17.0-cp313-cp313-manylinux1_i686.manylinux_2_28_i686.manylinux_2_5_i686.whl", hash = "sha256:e4fab10f8403169ce92f3cea921609d9ee81107306caae06c08f592d4b8ad2b5", size = 2028569, upload-time = "2026-04-20T16:38:25.343Z" },
    { url = "https://files.pythonhosted.org/packages/4a/c5/081f59a1c02ae8c0dc73ae58e563838c44eec81aeafa7d0b93a637841c9b/pymongo-4.17.0-cp313-cp313-manylinux2014_aarch64.manylinux_2_17_aarch64.manylinux_2_28_aarch64.whl", hash = "sha256:20323b0b1c1d33770ad1fc68d429c757734ce9ad3594421c3d6618f10572b1b9", size = 2072916, upload-time = "2026-04-20T16:38:27.291Z" },
    { url = "https://files.pythonhosted.org/packages/31/42/6e41d434297ffe8b30d9c3717916591a4a7be9075a0dcc2fafdfaaaa62ed/pymongo-4.17.0-cp313-cp313-manylinux2014_ppc64le.manylinux_2_17_ppc64le.manylinux_2_28_ppc64le.whl", hash = "sha256:5a5de048e6da5c18e27cc2437e8c15b3b0cdc8385c15b41178b0caa3322a09c2", size = 2173234, upload-time = "2026-04-20T16:38:29.474Z" },
    { url = "https://files.pythonhosted.org/packages/3d/cf/1e4a7db352ef9485831c7268dfe8402f0117b32a9ad54b16e810699e3617/pymongo-4.17.0-cp313-cp313-manylinux2014_s390x.manylinux_2_17_s390x.manylinux_2_28_s390x.whl", hash = "sha256:dff3de1294fbbc1db0ba6b511f77b8e540601d092538a31312e99c8a91a78b1e", size = 2156784, upload-time = "2026-04-20T16:38:32.134Z" },
    { url = "https://files.pythonhosted.org/packages/12/10/6195be29962a61ebb5f4bd9e4c7519890b172f7968a0a0d880398c6ddb02/pymongo-4.17.0-cp313-cp313-manylinux2014_x86_64.manylinux_2_17_x86_64.manylinux_2_28_x86_64.whl", hash = "sha256:faf03e4c2aafd6de626dbd30ba246d369ae33f47f10629d1bbe40f72115027a6", size = 2074446, upload-time = "2026-04-20T16:38:34.004Z" },
    { url = "https://files.pythonhosted.org/packages/37/48/33410b8819837ed370c738587306bdf060b59cef11823be212f4a07703c5/pymongo-4.17.0-cp313-cp313-win32.whl", hash = "sha256:c9786665926a09630c5d420c79762cfadbff35a9438bcbc4c81a9fb5ab9228b7", size = 948435, upload-time = "2026-04-20T16:38:35.922Z" },
    { url = "https://files.pythonhosted.org/packages/6f/77/c0ed522f798a286b99acaa7914ed8d9c80ab091f97f57c59ffed72906e5e/pymongo-4.17.0-cp313-cp313-win_amd64.whl", hash = "sha256:5960519b4d7168f1ecdd3ea10c81b2aedeb9423651aca953cfbc8e76705d3b38", size = 972847, upload-time = "2026-04-20T16:38:37.888Z" },
    { url = "https://files.pythonhosted.org/packages/97/f0/c39480a2db385fde23861d0c8acda41cdaf1d43e46579db72c5c013a2e81/pymongo-4.17.0-cp313-cp313-win_arm64.whl", hash = "sha256:0ff6bd2f735ab5356541e3e57d5b7dbfbc3f2ee1ccb10b6b0f82d58af69d1d8e", size = 951575, upload-time = "2026-04-20T16:38:40.544Z" },
    { url = "https://files.pythonhosted.org/packages/da/49/2b0250762a89737ed6f9cea238331baca061b89a8ddd10dd17fee52c3970/pymongo-4.17.0-cp314-cp314-macosx_10_15_x86_64.whl", hash = "sha256:ff5aa3f1c7e3f08eb0e7a016c91ba468b1850ccfd63d9b1f12f56350f4974cef", size = 1040945, upload-time = "2026-04-20T16:38:42.783Z" },
    { url = "https://files.pythonhosted.org/packages/89/1c/7a9b5447a08be20e84b6e5b17330917e8d6d9507daa3cd099a9309f11ad7/pymongo-4.17.0-cp314-cp314-macosx_11_0_arm64.whl", hash = "sha256:e816db649ba5d7de0568cf3a9f287a9dc9aad21cf0ca667ab156a7ef47fca0b0", size = 1041187, upload-time = "2026-04-20T16:38:45.358Z" },
    { url = "https://files.pythonhosted.org/packages/78/a1/71704f61632dfc90407a5834fe5f6132854937c4a3648f6c05c351d85a45/pymongo-4.17.0-cp314-cp314-manylinux1_i686.manylinux_2_28_i686.manylinux_2_5_i686.whl", hash = "sha256:12c4fded3a9f1d6a687e36ebd384ac6d00b9b00de1969aa74048e7051ec2a713", size = 2294806, upload-time = "2026-04-20T16:38:47.734Z" },
    { url = "https://files.pythonhosted.org/packages/ad/b9/aff42be75108b96c2469b1d9329b912c15108f3e7ef32fdc86da8423c330/pymongo-4.17.0-cp314-cp314-manylinux2014_aarch64.manylinux_2_17_aarch64.manylinux_2_28_aarch64.whl", hash = "sha256:2db66aa8dd253a0fc1fad3b0d23d5b3993f7ebde02fbbd7727128debf2853675", size = 2348231, upload-time = "2026-04-20T16:38:50.371Z" },
    { url = "https://files.pythonhosted.org/packages/f2/30/44c115b8ba1479942c15fd9480eb29a7da0ba68acd56983423ba0deb4a94/pymongo-4.17.0-cp314-cp314-manylinux2014_ppc64le.manylinux_2_17_ppc64le.manylinux_2_28_ppc64le.whl", hash = "sha256:3987e96e7c7be4083d42e8ac2cc6c0d5b78db9973c90fce42ae800b616ca6b20", size = 2467614, upload-time = "2026-04-20T16:38:52.665Z" },
    { url = "https://files.pythonhosted.org/packages/d2/84/21ee95c8bf0ca7acae7ec7eb365d740bf8fc0156c194baf2c3bdfcb85ec0/pymongo-4.17.0-cp314-cp314-manylinux2014_s390x.manylinux_2_17_s390x.manylinux_2_28_s390x.whl", hash = "sha256:cee36b3c0d0354f880fa7a7fdcdaf2bb5e542c2281e25c1bfadf8cfe21eba7d2", size = 2445970, upload-time = "2026-04-20T16:38:55.175Z" },
    { url = "https://files.pythonhosted.org/packages/06/89/081d7f1809d5ca09d1e47e49f2111b245f5694de3a7af32cd3a353a6f43f/pymongo-4.17.0-cp314-cp314-manylinux2014_x86_64.manylinux_2_17_x86_64.manylinux_2_28_x86_64.whl", hash = "sha256:320b34457b20bbcc79997801f95d25ce00472915ca5241167242b42c4359e027", size = 2348605, upload-time = "2026-04-20T16:38:57.557Z" },
    { url = "https://files.pythonhosted.org/packages/ea/c3/0d949f9d3f2a341c1f635c398c16615e96f89f51ff424ed81e914cf1a4de/pymongo-4.17.0-cp314-cp314-win32.whl", hash = "sha256:df4a644af9ae132d4bfdb2e9516ea51a615fd881caddfbfbd071cf1354844479", size = 1004119, upload-time = "2026-04-20T16:39:00.309Z" },
    { url = "https://files.pythonhosted.org/packages/f7/55/5c3a3db1048054c695c75c5964cc8bedc2247fdb5a75ef6fab4ec8bb013e/pymongo-4.17.0-cp314-cp314-win_amd64.whl", hash = "sha256:c797f8a80957134f6dd9690367a0f8f5906d672119af2c6aa55f0c527b656bed", size = 1032314, upload-time = "2026-04-20T16:39:02.665Z" },
    { url = "https://files.pythonhosted.org/packages/e0/19/e235f39906134cb0ffd5574c5a59c355ef5380f0499644ab94994afbb109/pymongo-4.17.0-cp314-cp314-win_arm64.whl", hash = "sha256:68fca71e05ee5da23a8d73cee8379dfb3d26e609a377cae731d742771ed96946", size = 1007627, upload-time = "2026-04-20T16:39:04.678Z" },
    { url = "https://files.pythonhosted.org/packages/1e/e0/c4c1a86791415b14c684fa0908f9da96de91594a3fd1fa1b8dc689fbb800/pymongo-4.17.0-cp314-cp314t-macosx_10_15_x86_64.whl", hash = "sha256:b4384700cffc3f1dd98e088bc0072dedf6d7d68a230bb4b972665cf69c071c1e", size = 1099151, upload-time = "2026-04-20T16:39:06.969Z" },
    { url = "https://files.pythonhosted.org/packages/81/4b/69c67f3e23fd9b23b9bedc7ebd23754881cc9d5c5d5b2a9811e96b07f475/pymongo-4.17.0-cp314-cp314t-macosx_11_0_arm64.whl", hash = "sha256:93641192644fa1ee0f34030e774fd31022a27ad11ba22cb1716142231524f8bd", size = 1099346, upload-time = "2026-04-20T16:39:08.996Z" },
    { url = "https://files.pythonhosted.org/packages/a2/19/a5208f62f9508a26d73acc69bd3821b8c8adae253679a3c26d2f9652f0d5/pymongo-4.17.0-cp314-cp314t-manylinux1_i686.manylinux_2_28_i686.manylinux_2_5_i686.whl", hash = "sha256:75bc3aa5b94fdb7138d357ec6ca61cd97e0c79f4f7f0bd3efe9639b15cc50942", size = 2619034, upload-time = "2026-04-20T16:39:11.049Z" },
    { url = "https://files.pythonhosted.org/packages/77/27/426cba1ec5973082a56d4150798529bfdf4151c31391ed1fbbecb23ef2ac/pymongo-4.17.0-cp314-cp314t-manylinux2014_aarch64.manylinux_2_17_aarch64.manylinux_2_28_aarch64.whl", hash = "sha256:50e8f8e23c6df7c6d6929f5e734980b227706e73ee847517c9ba5af90f7fc466", size = 2689939, upload-time = "2026-04-20T16:39:13.617Z" },
    { url = "https://files.pythonhosted.org/packages/ef/2e/f70993d1255e33f6ee59a4ec4371cc65bff7a7e3fda7d55c3386f25287e8/pymongo-4.17.0-cp314-cp314t-manylinux2014_ppc64le.manylinux_2_17_ppc64le.manylinux_2_28_ppc64le.whl", hash = "sha256:15d3f3d732aecac1f8d481bde4029755615639bd3076f258a2147210aec8515a", size = 2824994, upload-time = "2026-04-20T16:39:16.057Z" },
    { url = "https://files.pythonhosted.org/packages/b3/eb/87b0e988ba889e1fcc3430c2cfc166b251872c813e92b43174298bee17ff/pymongo-4.17.0-cp314-cp314t-manylinux2014_s390x.manylinux_2_17_s390x.manylinux_2_28_s390x.whl", hash = "sha256:6c5f62862d0f87be481fa1fe8cb811994486773c94a2b61e509285e3f2890763", size = 2801745, upload-time = "2026-04-20T16:39:18.476Z" },
    { url = "https://files.pythonhosted.org/packages/67/4c/3f83412d086f682d4d468761d66ddc49cf161e786ea74073045eb4491c60/pymongo-4.17.0-cp314-cp314t-manylinux2014_x86_64.manylinux_2_17_x86_64.manylinux_2_28_x86_64.whl", hash = "sha256:64837adbbd72073301af51bb0fc80e3d7707fe5527cea1033ba0320f0b2f881b", size = 2684636, upload-time = "2026-04-20T16:39:20.878Z" },
    { url = "https://files.pythonhosted.org/packages/9e/d8/b75f6f4ab6c8beb50b0270a4f1e2530b5774f5e116563440e1677ca1820f/pymongo-4.17.0-cp314-cp314t-win32.whl", hash = "sha256:b93b22eedc62598cf5ee9d8c8007a8e9121c50fd88137012d8985500e9dc3151", size = 1056356, upload-time = "2026-04-20T16:39:22.996Z" },
    { url = "https://files.pythonhosted.org/packages/e4/5e/648c8a238eef18a25ed8a169ea6542d4a860bbec3e95b3d9badac2935c71/pymongo-4.17.0-cp314-cp314t-win_amd64.whl", hash = "sha256:3689ea34f6b647c7d1e7bdc60fcfb214b2789ed1359a7fb96569c69f50e5f18f", size = 1090964, upload-time = "2026-04-20T16:39:24.989Z" },
    { url = "https://files.pythonhosted.org/packages/dc/cb/d9780b66939c4fc1f024bcc7be23a2abcfe06a9745ca8fa76dc73395482e/pymongo-4.17.0-cp314-cp314t-win_arm64.whl", hash = "sha256:9543d8f84c2e5608565c08ac679774811e6730770d8a645439b073422a4276fb", size = 1058526, upload-time = "2026-04-20T16:39:27.924Z" },
]

[[package]]
name = "rod-hockey-game"
version = "0.1.0"
source = { virtual = "." }
dependencies = [
    { name = "viam-sdk" },
]

[package.metadata]
requires-dist = [{ name = "viam-sdk", specifier = ">=0.76.0" }]

[[package]]
name = "typing-extensions"
version = "4.15.0"
source = { registry = "https://pypi.org/simple" }
sdist = { url = "https://files.pythonhosted.org/packages/72/94/1a15dd82efb362ac84269196e94cf00f187f7ed21c242792a923cdb1c61f/typing_extensions-4.15.0.tar.gz", hash = "sha256:0cea48d173cc12fa28ecabc3b837ea3cf6f38c6d1136f85cbaaf598984861466", size = 109391, upload-time = "2025-08-25T13:49:26.313Z" }
wheels = [
    { url = "https://files.pythonhosted.org/packages/18/67/36e9267722cc04a6b9f15c7f3441c2363321a3ea07da7ae0c0707beb2a9c/typing_extensions-4.15.0-py3-none-any.whl", hash = "sha256:f0fa19c6845758ab08074a0cfa8b7aecb71c999ca73d62883bc25cc018c4e548", size = 44614, upload-time = "2025-08-25T13:49:24.86Z" },
]

[[package]]
name = "viam-sdk"
version = "0.76.0"
source = { registry = "https://pypi.org/simple" }
dependencies = [
    { name = "googleapis-common-protos" },
    { name = "grpclib" },
    { name = "protobuf" },
    { name = "pymongo" },
    { name = "typing-extensions" },
]
wheels = [
    { url = "https://files.pythonhosted.org/packages/30/56/5c9b40fd01c3876c95bf5b5e5250a7d23c148415af6a0d0ffe11d54519f7/viam_sdk-0.76.0-py3-none-linux_armv6l.whl", hash = "sha256:13e2c38b83afc357aefe97b3d819ab2a8f1b8ea738b574678b6a341f6e7fcd2c", size = 7627254, upload-time = "2026-05-18T20:14:46.561Z" },
    { url = "https://files.pythonhosted.org/packages/97/3c/9e14497ac4f510985a377e1db6f0d555cd0dadb1ed5d25b71b63c6e8ad4f/viam_sdk-0.76.0-py3-none-linux_armv7l.whl", hash = "sha256:5893cc6dec0c3dc3f2585da7195fdc72f030ee545d7cc0bd1d02e69ad328843a", size = 7627531, upload-time = "2026-05-18T20:14:49.979Z" },
    { url = "https://files.pythonhosted.org/packages/44/84/1b7bd07482e577044e1cf9dcc6d325690477ab8a4731e1de07a7d8221a2a/viam_sdk-0.76.0-py3-none-macosx_10_16_x86_64.whl", hash = "sha256:51ee5d8df9d2ceabcb5f27d65963162efbae929194db06105627ff39f72fe187", size = 7260374, upload-time = "2026-05-18T20:14:51.546Z" },
    { url = "https://files.pythonhosted.org/packages/0a/7f/3a7fc883c678318dd9905161b896c6b77eb32fa1a9da508f9a43225da0a9/viam_sdk-0.76.0-py3-none-macosx_11_0_arm64.whl", hash = "sha256:dd365003d3e4098d159555bd288632ec2c83ce961f65634ed2e4c81125ea957a", size = 7051923, upload-time = "2026-05-18T20:14:53.023Z" },
    { url = "https://files.pythonhosted.org/packages/c8/33/ac3adfa15befde7eaffbe03edb0b568b752481839a3c2697dcc20f2def48/viam_sdk-0.76.0-py3-none-manylinux2014_aarch64.whl", hash = "sha256:8d19fc04faa65b1295a626e43630c9c44ef128ad462c3153bc7c58a1e06bb465", size = 7843341, upload-time = "2026-05-18T20:14:54.753Z" },
    { url = "https://files.pythonhosted.org/packages/1a/75/763ef15e4ca146fb512af3f0c8b2c0f2dac827fe9dba8d6d359d77bfe16d/viam_sdk-0.76.0-py3-none-manylinux2014_x86_64.whl", hash = "sha256:622aa4ef0a3f80468af5ea7bca97ff16c76744d9ca7266aad6ed1817663d1cbc", size = 7802409, upload-time = "2026-05-18T20:14:56.122Z" },
    { url = "https://files.pythonhosted.org/packages/6c/d3/c11722dbcfa760a302eab2816d5fedac4d236915d848e1d1206752f8f91c/viam_sdk-0.76.0-py3-none-musllinux_1_2_aarch64.whl", hash = "sha256:a3c3630785002f0cf1327105273b6d822fea0807e7782f08d83a77c69576df6e", size = 7839630, upload-time = "2026-05-18T20:14:57.551Z" },
    { url = "https://files.pythonhosted.org/packages/63/ab/840f91ec4b139cdf2cb6c42cd7a08c7c228c3e40ba7ab9b7a0d286adf807/viam_sdk-0.76.0-py3-none-musllinux_1_2_armv7l.whl", hash = "sha256:b795eb558a9c192dfe62c1c0717fc56c324983aca1668fe6eb1eb5f844d66675", size = 7518185, upload-time = "2026-05-18T20:14:59.163Z" },
    { url = "https://files.pythonhosted.org/packages/dc/9d/27bbb8f74cdea845b38109a6e1aa8ca6c0f5086b245f5931b92d9493b272/viam_sdk-0.76.0-py3-none-musllinux_1_2_i686.whl", hash = "sha256:d267743bc94aa8c861db49e275dac683eebff70e594a4ec6da1729cf7eab7012", size = 7808219, upload-time = "2026-05-18T20:15:00.781Z" },
    { url = "https://files.pythonhosted.org/packages/1e/53/5ce612f4fb953cec3b5b5dfcd57f5ec49ba0ba24a017f7120411cbf0c245/viam_sdk-0.76.0-py3-none-musllinux_1_2_x86_64.whl", hash = "sha256:1b291339836c19a11b0fdd1bed529c1fd211b9bd9f3d058c7da86dbaf5e4d910", size = 7847803, upload-time = "2026-05-18T20:15:02.53Z" },
    { url = "https://files.pythonhosted.org/packages/b0/2b/70f41021fbff86e335e4426e28a43b5ce00126144d83924b3c628faa6b61/viam_sdk-0.76.0-py3-none-win_amd64.whl", hash = "sha256:9ab78e863c8d5b647d12302d49a54a01407f91560c9b17ac600772dc51902532", size = 6664960, upload-time = "2026-05-18T20:15:04.793Z" },
]
